
Microsoft Visual Studio Solution File, Format Version 12.00
# Visual Studio Version 17
VisualStudioVersion = 17.14.36518.9 d17.14
MinimumVisualStudioVersion = 10.0.40219.1
Project("{FAE04EC0-301F-11D3-BF4B-00C04F79EFBC}") = "Lab2", "Lab2\Lab2.csproj", "{8A468E40-7FCA-47D0-BB8C-7EA896765FA7}"
EndProject
Global
	GlobalSection(SolutionConfigurationPlatforms) = preSolution
		Debug|Any CPU = Debug|Any CPU
		Release|Any CPU = Release|Any CPU
	EndGlobalSection
	GlobalSection(ProjectConfigurationPlatforms) = postSolution
		{8A468E40-7FCA-47D0-BB8C-7EA896765FA7}.Debug|Any CPU.ActiveCfg = Debug|Any CPU
		{8A468E40-7FCA-47D0-BB8C-7EA896765FA7}.Debug|Any CPU.Build.0 = Debug|Any CPU
		{8A468E40-7FCA-47D0-BB8C-7EA896765FA7}.Release|Any CPU.ActiveCfg = Release|Any CPU
		{8A468E40-7FCA-47D0-BB8C-7EA896765FA7}.Release|Any CPU.Build.0 = Release|Any CPU
	EndGlobalSection
	GlobalSection(SolutionProperties) = preSolution
		HideSolutionNode = FALSE
	EndGlobalSection
	GlobalSection(ExtensibilityGlobals) = postSolution
		SolutionGuid = {A6D8C2C8-4E99-422B-8277-C34C6735A63A}
	EndGlobalSection
EndGlobal
